
Microsoft Visual Studio Solution File, Format Version 12.00
# Visual Studio Version 17
VisualStudioVersion = 17.14.36414.22 d17.14
MinimumVisualStudioVersion = 10.0.40219.1
Project("{8BC9CEB8-8B4A-11D0-8D11-00A0C91BC942}") = "Task_1.2", "Task_1.2.vcxproj", "{5CEF2ACD-DA0B-49EE-96CD-51F165415D51}"
EndProject
Global
	GlobalSection(SolutionConfigurationPlatforms) = preSolution
		Debug|x64 = Debug|x64
		Debug|x86 = Debug|x86
		Release|x64 = Release|x64
		Release|x86 = Release|x86
	EndGlobalSection
	GlobalSection(ProjectConfigurationPlatforms) = postSolution
		{5CEF2ACD-DA0B-49EE-96CD-51F165415D51}.Debug|x64.ActiveCfg = Debug|x64
		{5CEF2ACD-DA0B-49EE-96CD-51F165415D51}.Debug|x64.Build.0 = Debug|x64
		{5CEF2ACD-DA0B-49EE-96CD-51F165415D51}.Debug|x86.ActiveCfg = Debug|Win32
		{5CEF2ACD-DA0B-49EE-96CD-51F165415D51}.Debug|x86.Build.0 = Debug|Win32
		{5CEF2ACD-DA0B-49EE-96CD-51F165415D51}.Release|x64.ActiveCfg = Release|x64
		{5CEF2ACD-DA0B-49EE-96CD-51F165415D51}.Release|x64.Build.0 = Release|x64
		{5CEF2ACD-DA0B-49EE-96CD-51F165415D51}.Release|x86.ActiveCfg = Release|Win32
		{5CEF2ACD-DA0B-49EE-96CD-51F165415D51}.Release|x86.Build.0 = Release|Win32
	EndGlobalSection
	GlobalSection(SolutionProperties) = preSolution
		HideSolutionNode = FALSE
	EndGlobalSection
	GlobalSection(ExtensibilityGlobals) = postSolution
		SolutionGuid = {D00D8E1F-040A-4478-AD39-4C60C862B46A}
	EndGlobalSection
EndGlobal
