
Microsoft Visual Studio Solution File, Format Version 12.00
# Visual Studio Version 17
VisualStudioVersion = 17.10.35004.147
MinimumVisualStudioVersion = 10.0.40219.1
Project("{8BC9CEB8-8B4A-11D0-8D11-00A0C91BC942}") = "Task_4.2", "Task_4.2.vcxproj", "{C613C1AE-AAEC-4A86-B308-62DD26C40F43}"
EndProject
Global
	GlobalSection(SolutionConfigurationPlatforms) = preSolution
		Debug|x64 = Debug|x64
		Debug|x86 = Debug|x86
		Release|x64 = Release|x64
		Release|x86 = Release|x86
	EndGlobalSection
	GlobalSection(ProjectConfigurationPlatforms) = postSolution
		{C613C1AE-AAEC-4A86-B308-62DD26C40F43}.Debug|x64.ActiveCfg = Debug|x64
		{C613C1AE-AAEC-4A86-B308-62DD26C40F43}.Debug|x64.Build.0 = Debug|x64
		{C613C1AE-AAEC-4A86-B308-62DD26C40F43}.Debug|x86.ActiveCfg = Debug|Win32
		{C613C1AE-AAEC-4A86-B308-62DD26C40F43}.Debug|x86.Build.0 = Debug|Win32
		{C613C1AE-AAEC-4A86-B308-62DD26C40F43}.Release|x64.ActiveCfg = Release|x64
		{C613C1AE-AAEC-4A86-B308-62DD26C40F43}.Release|x64.Build.0 = Release|x64
		{C613C1AE-AAEC-4A86-B308-62DD26C40F43}.Release|x86.ActiveCfg = Release|Win32
		{C613C1AE-AAEC-4A86-B308-62DD26C40F43}.Release|x86.Build.0 = Release|Win32
	EndGlobalSection
	GlobalSection(SolutionProperties) = preSolution
		HideSolutionNode = FALSE
	EndGlobalSection
	GlobalSection(ExtensibilityGlobals) = postSolution
		SolutionGuid = {ECA6382C-2308-4E31-AB09-417098648E9C}
	EndGlobalSection
EndGlobal
