
Microsoft Visual Studio Solution File, Format Version 12.00
# Visual Studio Version 17
VisualStudioVersion = 17.10.35004.147
MinimumVisualStudioVersion = 10.0.40219.1
Project("{8BC9CEB8-8B4A-11D0-8D11-00A0C91BC942}") = "Task_3.2", "Task_3.2\Task_3.2.vcxproj", "{2AC5BEF4-B2B4-47FD-9107-C154CECBD03A}"
EndProject
Global
	GlobalSection(SolutionConfigurationPlatforms) = preSolution
		Debug|x64 = Debug|x64
		Debug|x86 = Debug|x86
		Release|x64 = Release|x64
		Release|x86 = Release|x86
	EndGlobalSection
	GlobalSection(ProjectConfigurationPlatforms) = postSolution
		{2AC5BEF4-B2B4-47FD-9107-C154CECBD03A}.Debug|x64.ActiveCfg = Debug|x64
		{2AC5BEF4-B2B4-47FD-9107-C154CECBD03A}.Debug|x64.Build.0 = Debug|x64
		{2AC5BEF4-B2B4-47FD-9107-C154CECBD03A}.Debug|x86.ActiveCfg = Debug|Win32
		{2AC5BEF4-B2B4-47FD-9107-C154CECBD03A}.Debug|x86.Build.0 = Debug|Win32
		{2AC5BEF4-B2B4-47FD-9107-C154CECBD03A}.Release|x64.ActiveCfg = Release|x64
		{2AC5BEF4-B2B4-47FD-9107-C154CECBD03A}.Release|x64.Build.0 = Release|x64
		{2AC5BEF4-B2B4-47FD-9107-C154CECBD03A}.Release|x86.ActiveCfg = Release|Win32
		{2AC5BEF4-B2B4-47FD-9107-C154CECBD03A}.Release|x86.Build.0 = Release|Win32
	EndGlobalSection
	GlobalSection(SolutionProperties) = preSolution
		HideSolutionNode = FALSE
	EndGlobalSection
	GlobalSection(ExtensibilityGlobals) = postSolution
		SolutionGuid = {9011E4EB-1E07-4514-A37C-969FAD665F97}
	EndGlobalSection
EndGlobal
