
Microsoft Visual Studio Solution File, Format Version 12.00
# Visual Studio Version 17
VisualStudioVersion = 17.10.35004.147
MinimumVisualStudioVersion = 10.0.40219.1
Project("{8BC9CEB8-8B4A-11D0-8D11-00A0C91BC942}") = "Task_5.3", "Task_5.3.vcxproj", "{14CC9E80-760A-40EC-BB71-DA4DD621EDD0}"
EndProject
Global
	GlobalSection(SolutionConfigurationPlatforms) = preSolution
		Debug|x64 = Debug|x64
		Debug|x86 = Debug|x86
		Release|x64 = Release|x64
		Release|x86 = Release|x86
	EndGlobalSection
	GlobalSection(ProjectConfigurationPlatforms) = postSolution
		{14CC9E80-760A-40EC-BB71-DA4DD621EDD0}.Debug|x64.ActiveCfg = Debug|x64
		{14CC9E80-760A-40EC-BB71-DA4DD621EDD0}.Debug|x64.Build.0 = Debug|x64
		{14CC9E80-760A-40EC-BB71-DA4DD621EDD0}.Debug|x86.ActiveCfg = Debug|Win32
		{14CC9E80-760A-40EC-BB71-DA4DD621EDD0}.Debug|x86.Build.0 = Debug|Win32
		{14CC9E80-760A-40EC-BB71-DA4DD621EDD0}.Release|x64.ActiveCfg = Release|x64
		{14CC9E80-760A-40EC-BB71-DA4DD621EDD0}.Release|x64.Build.0 = Release|x64
		{14CC9E80-760A-40EC-BB71-DA4DD621EDD0}.Release|x86.ActiveCfg = Release|Win32
		{14CC9E80-760A-40EC-BB71-DA4DD621EDD0}.Release|x86.Build.0 = Release|Win32
	EndGlobalSection
	GlobalSection(SolutionProperties) = preSolution
		HideSolutionNode = FALSE
	EndGlobalSection
	GlobalSection(ExtensibilityGlobals) = postSolution
		SolutionGuid = {108E5304-24A1-4616-B0BD-34D69340B3B6}
	EndGlobalSection
EndGlobal
