
Microsoft Visual Studio Solution File, Format Version 12.00
# Visual Studio Version 17
VisualStudioVersion = 17.10.35004.147
MinimumVisualStudioVersion = 10.0.40219.1
Project("{8BC9CEB8-8B4A-11D0-8D11-00A0C91BC942}") = "Task_2.2", "Task_2.2.vcxproj", "{2897E8DF-3C9E-4578-923B-A88FC6ACA121}"
EndProject
Global
	GlobalSection(SolutionConfigurationPlatforms) = preSolution
		Debug|x64 = Debug|x64
		Debug|x86 = Debug|x86
		Release|x64 = Release|x64
		Release|x86 = Release|x86
	EndGlobalSection
	GlobalSection(ProjectConfigurationPlatforms) = postSolution
		{2897E8DF-3C9E-4578-923B-A88FC6ACA121}.Debug|x64.ActiveCfg = Debug|x64
		{2897E8DF-3C9E-4578-923B-A88FC6ACA121}.Debug|x64.Build.0 = Debug|x64
		{2897E8DF-3C9E-4578-923B-A88FC6ACA121}.Debug|x86.ActiveCfg = Debug|Win32
		{2897E8DF-3C9E-4578-923B-A88FC6ACA121}.Debug|x86.Build.0 = Debug|Win32
		{2897E8DF-3C9E-4578-923B-A88FC6ACA121}.Release|x64.ActiveCfg = Release|x64
		{2897E8DF-3C9E-4578-923B-A88FC6ACA121}.Release|x64.Build.0 = Release|x64
		{2897E8DF-3C9E-4578-923B-A88FC6ACA121}.Release|x86.ActiveCfg = Release|Win32
		{2897E8DF-3C9E-4578-923B-A88FC6ACA121}.Release|x86.Build.0 = Release|Win32
	EndGlobalSection
	GlobalSection(SolutionProperties) = preSolution
		HideSolutionNode = FALSE
	EndGlobalSection
	GlobalSection(ExtensibilityGlobals) = postSolution
		SolutionGuid = {D9281375-B79C-43FF-928A-F6794EE6B38A}
	EndGlobalSection
EndGlobal
